{
  "name": "ai-dev-platform",
  "version": "1.0.0",
  "lockfileVersion": 3,
  "requires": true,
  "packages": {
    "": {
      "name": "ai-dev-platform",
      "version": "1.0.0",
      "license": "ISC",
      "dependencies": {
        "vditor": "^3.11.2"
      }
    },
    "node_modules/diff-match-patch": {
      "version": "1.0.5",
      "resolved": "https://registry.npmjs.org/diff-match-patch/-/diff-match-patch-1.0.5.tgz",
      "integrity": "sha512-IayShXAgj/QMXgB0IWmKx+rOPuGMhqm5w6jvFxmVenXKIzRqTAAsbBPT3kWQeGANj3jGgvcvv4yK6SxqYmikgw==",
      "license": "Apache-2.0"
    },
    "node_modules/vditor": {
      "version": "3.11.2",
      "resolved": "https://registry.npmjs.org/vditor/-/vditor-3.11.2.tgz",
      "integrity": "sha512-8QguQQUPWbBFocnfQmWjz4jiykQnvsmCuhOomGIVVK7vc+dQq2h8w9qQQuEjUTZpnZT5fEdYbj4aLr1NGdAZaA==",
      "license": "MIT",
      "dependencies": {
        "diff-match-patch": "^1.0.5"
      },
      "funding": {
        "url": "https://ld246.com/sponsor"
      }
    }
  }
}
